
Microsoft Visual Studio Solution File, Format Version 12.00
# Visual Studio 14
VisualStudioVersion = 14.0.23107.0
MinimumVisualStudioVersion = 10.0.40219.1
Project("{FAE04EC0-301F-11D3-BF4B-00C04F79EFBC}") = "Klz.API", "Klz.API\Klz.API.csproj", "{623DCC49-4518-42C5-94D8-F6D8D2D9C9D3}"
EndProject
Project("{FAE04EC0-301F-11D3-BF4B-00C04F79EFBC}") = "T4", "T4\T4.csproj", "{EA0B6EBF-9924-48FA-984B-049F38CBB25A}"
EndProject
Project("{FAE04EC0-301F-11D3-BF4B-00C04F79EFBC}") = "Klz.SignalRNET40", "Klz.SignalRNET40\Klz.SignalRNET40.csproj", "{569EC382-A983-4133-B373-3A06CB993165}"
EndProject
Project("{FAE04EC0-301F-11D3-BF4B-00C04F79EFBC}") = "ElasticSearch.Client", "ElasticSearch.Client\ElasticSearch.Client.csproj", "{3FF28676-07FF-4381-B078-49A23FBB9858}"
EndProject
Project("{FAE04EC0-301F-11D3-BF4B-00C04F79EFBC}") = "Klz.SAPI", "Klz.SAPI\Klz.SAPI.csproj", "{00F77046-8416-4177-AE3C-58824D1DB93B}"
EndProject
Global
	GlobalSection(SolutionConfigurationPlatforms) = preSolution
		Debug|Any CPU = Debug|Any CPU
		Debug|x64 = Debug|x64
		Debug|x86 = Debug|x86
		Release|Any CPU = Release|Any CPU
		Release|x64 = Release|x64
		Release|x86 = Release|x86
	EndGlobalSection
	GlobalSection(ProjectConfigurationPlatforms) = postSolution
		{623DCC49-4518-42C5-94D8-F6D8D2D9C9D3}.Debug|Any CPU.ActiveCfg = Debug|Any CPU
		{623DCC49-4518-42C5-94D8-F6D8D2D9C9D3}.Debug|Any CPU.Build.0 = Debug|Any CPU
		{623DCC49-4518-42C5-94D8-F6D8D2D9C9D3}.Debug|x64.ActiveCfg = Debug|Any CPU
		{623DCC49-4518-42C5-94D8-F6D8D2D9C9D3}.Debug|x64.Build.0 = Debug|Any CPU
		{623DCC49-4518-42C5-94D8-F6D8D2D9C9D3}.Debug|x86.ActiveCfg = Debug|Any CPU
		{623DCC49-4518-42C5-94D8-F6D8D2D9C9D3}.Debug|x86.Build.0 = Debug|Any CPU
		{623DCC49-4518-42C5-94D8-F6D8D2D9C9D3}.Release|Any CPU.ActiveCfg = Release|Any CPU
		{623DCC49-4518-42C5-94D8-F6D8D2D9C9D3}.Release|Any CPU.Build.0 = Release|Any CPU
		{623DCC49-4518-42C5-94D8-F6D8D2D9C9D3}.Release|x64.ActiveCfg = Release|Any CPU
		{623DCC49-4518-42C5-94D8-F6D8D2D9C9D3}.Release|x64.Build.0 = Release|Any CPU
		{623DCC49-4518-42C5-94D8-F6D8D2D9C9D3}.Release|x86.ActiveCfg = Release|Any CPU
		{623DCC49-4518-42C5-94D8-F6D8D2D9C9D3}.Release|x86.Build.0 = Release|Any CPU
		{EA0B6EBF-9924-48FA-984B-049F38CBB25A}.Debug|Any CPU.ActiveCfg = Debug|Any CPU
		{EA0B6EBF-9924-48FA-984B-049F38CBB25A}.Debug|Any CPU.Build.0 = Debug|Any CPU
		{EA0B6EBF-9924-48FA-984B-049F38CBB25A}.Debug|x64.ActiveCfg = Debug|Any CPU
		{EA0B6EBF-9924-48FA-984B-049F38CBB25A}.Debug|x64.Build.0 = Debug|Any CPU
		{EA0B6EBF-9924-48FA-984B-049F38CBB25A}.Debug|x86.ActiveCfg = Debug|Any CPU
		{EA0B6EBF-9924-48FA-984B-049F38CBB25A}.Debug|x86.Build.0 = Debug|Any CPU
		{EA0B6EBF-9924-48FA-984B-049F38CBB25A}.Release|Any CPU.ActiveCfg = Release|Any CPU
		{EA0B6EBF-9924-48FA-984B-049F38CBB25A}.Release|Any CPU.Build.0 = Release|Any CPU
		{EA0B6EBF-9924-48FA-984B-049F38CBB25A}.Release|x64.ActiveCfg = Release|Any CPU
		{EA0B6EBF-9924-48FA-984B-049F38CBB25A}.Release|x64.Build.0 = Release|Any CPU
		{EA0B6EBF-9924-48FA-984B-049F38CBB25A}.Release|x86.ActiveCfg = Release|Any CPU
		{EA0B6EBF-9924-48FA-984B-049F38CBB25A}.Release|x86.Build.0 = Release|Any CPU
		{569EC382-A983-4133-B373-3A06CB993165}.Debug|Any CPU.ActiveCfg = Debug|Any CPU
		{569EC382-A983-4133-B373-3A06CB993165}.Debug|Any CPU.Build.0 = Debug|Any CPU
		{569EC382-A983-4133-B373-3A06CB993165}.Debug|x64.ActiveCfg = Debug|Any CPU
		{569EC382-A983-4133-B373-3A06CB993165}.Debug|x64.Build.0 = Debug|Any CPU
		{569EC382-A983-4133-B373-3A06CB993165}.Debug|x86.ActiveCfg = Debug|Any CPU
		{569EC382-A983-4133-B373-3A06CB993165}.Debug|x86.Build.0 = Debug|Any CPU
		{569EC382-A983-4133-B373-3A06CB993165}.Release|Any CPU.ActiveCfg = Release|Any CPU
		{569EC382-A983-4133-B373-3A06CB993165}.Release|Any CPU.Build.0 = Release|Any CPU
		{569EC382-A983-4133-B373-3A06CB993165}.Release|x64.ActiveCfg = Release|Any CPU
		{569EC382-A983-4133-B373-3A06CB993165}.Release|x64.Build.0 = Release|Any CPU
		{569EC382-A983-4133-B373-3A06CB993165}.Release|x86.ActiveCfg = Release|Any CPU
		{569EC382-A983-4133-B373-3A06CB993165}.Release|x86.Build.0 = Release|Any CPU
		{3FF28676-07FF-4381-B078-49A23FBB9858}.Debug|Any CPU.ActiveCfg = Debug|Any CPU
		{3FF28676-07FF-4381-B078-49A23FBB9858}.Debug|Any CPU.Build.0 = Debug|Any CPU
		{3FF28676-07FF-4381-B078-49A23FBB9858}.Debug|x64.ActiveCfg = Debug|Any CPU
		{3FF28676-07FF-4381-B078-49A23FBB9858}.Debug|x64.Build.0 = Debug|Any CPU
		{3FF28676-07FF-4381-B078-49A23FBB9858}.Debug|x86.ActiveCfg = Debug|Any CPU
		{3FF28676-07FF-4381-B078-49A23FBB9858}.Debug|x86.Build.0 = Debug|Any CPU
		{3FF28676-07FF-4381-B078-49A23FBB9858}.Release|Any CPU.ActiveCfg = Release|Any CPU
		{3FF28676-07FF-4381-B078-49A23FBB9858}.Release|Any CPU.Build.0 = Release|Any CPU
		{3FF28676-07FF-4381-B078-49A23FBB9858}.Release|x64.ActiveCfg = Release|Any CPU
		{3FF28676-07FF-4381-B078-49A23FBB9858}.Release|x64.Build.0 = Release|Any CPU
		{3FF28676-07FF-4381-B078-49A23FBB9858}.Release|x86.ActiveCfg = Release|Any CPU
		{3FF28676-07FF-4381-B078-49A23FBB9858}.Release|x86.Build.0 = Release|Any CPU
		{00F77046-8416-4177-AE3C-58824D1DB93B}.Debug|Any CPU.ActiveCfg = Debug|Any CPU
		{00F77046-8416-4177-AE3C-58824D1DB93B}.Debug|Any CPU.Build.0 = Debug|Any CPU
		{00F77046-8416-4177-AE3C-58824D1DB93B}.Debug|x64.ActiveCfg = Debug|Any CPU
		{00F77046-8416-4177-AE3C-58824D1DB93B}.Debug|x64.Build.0 = Debug|Any CPU
		{00F77046-8416-4177-AE3C-58824D1DB93B}.Debug|x86.ActiveCfg = Debug|Any CPU
		{00F77046-8416-4177-AE3C-58824D1DB93B}.Debug|x86.Build.0 = Debug|Any CPU
		{00F77046-8416-4177-AE3C-58824D1DB93B}.Release|Any CPU.ActiveCfg = Release|Any CPU
		{00F77046-8416-4177-AE3C-58824D1DB93B}.Release|Any CPU.Build.0 = Release|Any CPU
		{00F77046-8416-4177-AE3C-58824D1DB93B}.Release|x64.ActiveCfg = Release|Any CPU
		{00F77046-8416-4177-AE3C-58824D1DB93B}.Release|x64.Build.0 = Release|Any CPU
		{00F77046-8416-4177-AE3C-58824D1DB93B}.Release|x86.ActiveCfg = Release|Any CPU
		{00F77046-8416-4177-AE3C-58824D1DB93B}.Release|x86.Build.0 = Release|Any CPU
	EndGlobalSection
	GlobalSection(SolutionProperties) = preSolution
		HideSolutionNode = FALSE
	EndGlobalSection
EndGlobal
